// !$*UTF8*$!
{
	archiveVersion = 1;
	classes = {
	};
	objectVersion = 56;
	objects = {

/* Begin PBXBuildFile section */
		8BC4FCB72A0B986B00C7F4B1 /* AppDelegate.swift in Sources */ = {isa = PBXBuildFile; fileRef = 8BC4FCB62A0B986B00C7F4B1 /* AppDelegate.swift */; };
		8BC4FCB92A0B986B00C7F4B1 /* SceneDelegate.swift in Sources */ = {isa = PBXBuildFile; fileRef = 8BC4FCB82A0B986B00C7F4B1 /* SceneDelegate.swift */; };
		8BC4FCC12A0B986B00C7F4B1 /* Deezer_Project.xcdatamodeld in Sources */ = {isa = PBXBuildFile; fileRef = 8BC4FCBF2A0B986B00C7F4B1 /* Deezer_Project.xcdatamodeld */; };
		8BC4FCC32A0B986C00C7F4B1 /* Assets.xcassets in Resources */ = {isa = PBXBuildFile; fileRef = 8BC4FCC22A0B986C00C7F4B1 /* Assets.xcassets */; };
		8BC4FCC62A0B986C00C7F4B1 /* LaunchScreen.storyboard in Resources */ = {isa = PBXBuildFile; fileRef = 8BC4FCC42A0B986C00C7F4B1 /* LaunchScreen.storyboard */; };
		8BD7A8302A0BB29D009C0A97 /* MainTabBarController.swift in Sources */ = {isa = PBXBuildFile; fileRef = 8BD7A82F2A0BB29D009C0A97 /* MainTabBarController.swift */; };
		8BD7A8342A0BB381009C0A97 /* MainViewController.swift in Sources */ = {isa = PBXBuildFile; fileRef = 8BD7A8332A0BB381009C0A97 /* MainViewController.swift */; };
		8BD7A8362A0BB395009C0A97 /* FavoriteViewController.swift in Sources */ = {isa = PBXBuildFile; fileRef = 8BD7A8352A0BB395009C0A97 /* FavoriteViewController.swift */; };
		8BD7A83D2A0BC42E009C0A97 /* MainCollectionViewCell.swift in Sources */ = {isa = PBXBuildFile; fileRef = 8BD7A83C2A0BC42E009C0A97 /* MainCollectionViewCell.swift */; };
		8BD7A83F2A0BC514009C0A97 /* Extension.swift in Sources */ = {isa = PBXBuildFile; fileRef = 8BD7A83E2A0BC514009C0A97 /* Extension.swift */; };
		8BD7A8422A0BC781009C0A97 /* SnapKit in Frameworks */ = {isa = PBXBuildFile; productRef = 8BD7A8412A0BC781009C0A97 /* SnapKit */; };
		8BD7A8452A0BEEFA009C0A97 /* Alamofire in Frameworks */ = {isa = PBXBuildFile; productRef = 8BD7A8442A0BEEFA009C0A97 /* Alamofire */; };
		8BD7A8472A0BF0F6009C0A97 /* Category.swift in Sources */ = {isa = PBXBuildFile; fileRef = 8BD7A8462A0BF0F6009C0A97 /* Category.swift */; };
		8BD7A8492A0BF33F009C0A97 /* CategoryService.swift in Sources */ = {isa = PBXBuildFile; fileRef = 8BD7A8482A0BF33F009C0A97 /* CategoryService.swift */; };
		8BD7A84B2A0C1A4C009C0A97 /* CategoryViewModel.swift in Sources */ = {isa = PBXBuildFile; fileRef = 8BD7A84A2A0C1A4C009C0A97 /* CategoryViewModel.swift */; };
		8BD7A84E2A0C249B009C0A97 /* Kingfisher in Frameworks */ = {isa = PBXBuildFile; productRef = 8BD7A84D2A0C249B009C0A97 /* Kingfisher */; };
/* End PBXBuildFile section */

/* Begin PBXFileReference section */
		8BC4FCB32A0B986B00C7F4B1 /* Deezer_Project.app */ = {isa = PBXFileReference; explicitFileType = wrapper.application; includeInIndex = 0; path = Deezer_Project.app; sourceTree = BUILT_PRODUCTS_DIR; };
		8BC4FCB62A0B986B00C7F4B1 /* AppDelegate.swift */ = {isa = PBXFileReference; lastKnownFileType = sourcecode.swift; path = AppDelegate.swift; sourceTree = "<group>"; };
		8BC4FCB82A0B986B00C7F4B1 /* SceneDelegate.swift */ = {isa = PBXFileReference; lastKnownFileType = sourcecode.swift; path = SceneDelegate.swift; sourceTree = "<group>"; };
		8BC4FCC02A0B986B00C7F4B1 /* Deezer_Project.xcdatamodel */ = {isa = PBXFileReference; lastKnownFileType = wrapper.xcdatamodel; path = Deezer_Project.xcdatamodel; sourceTree = "<group>"; };
		8BC4FCC22A0B986C00C7F4B1 /* Assets.xcassets */ = {isa = PBXFileReference; lastKnownFileType = folder.assetcatalog; path = Assets.xcassets; sourceTree = "<group>"; };
		8BC4FCC52A0B986C00C7F4B1 /* Base */ = {isa = PBXFileReference; lastKnownFileType = file.storyboard; name = Base; path = Base.lproj/LaunchScreen.storyboard; sourceTree = "<group>"; };
		8BC4FCC72A0B986C00C7F4B1 /* Info.plist */ = {isa = PBXFileReference; lastKnownFileType = text.plist.xml; path = Info.plist; sourceTree = "<group>"; };
		8BD7A82F2A0BB29D009C0A97 /* MainTabBarController.swift */ = {isa = PBXFileReference; lastKnownFileType = sourcecode.swift; path = MainTabBarController.swift; sourceTree = "<group>"; };
		8BD7A8332A0BB381009C0A97 /* MainViewController.swift */ = {isa = PBXFileReference; lastKnownFileType = sourcecode.swift; path = MainViewController.swift; sourceTree = "<group>"; };
		8BD7A8352A0BB395009C0A97 /* FavoriteViewController.swift */ = {isa = PBXFileReference; lastKnownFileType = sourcecode.swift; path = FavoriteViewController.swift; sourceTree = "<group>"; };
		8BD7A83C2A0BC42E009C0A97 /* MainCollectionViewCell.swift */ = {isa = PBXFileReference; lastKnownFileType = sourcecode.swift; path = MainCollectionViewCell.swift; sourceTree = "<group>"; };
		8BD7A83E2A0BC514009C0A97 /* Extension.swift */ = {isa = PBXFileReference; lastKnownFileType = sourcecode.swift; path = Extension.swift; sourceTree = "<group>"; };
		8BD7A8462A0BF0F6009C0A97 /* Category.swift */ = {isa = PBXFileReference; lastKnownFileType = sourcecode.swift; path = Category.swift; sourceTree = "<group>"; };
		8BD7A8482A0BF33F009C0A97 /* CategoryService.swift */ = {isa = PBXFileReference; lastKnownFileType = sourcecode.swift; path = CategoryService.swift; sourceTree = "<group>"; };
		8BD7A84A2A0C1A4C009C0A97 /* CategoryViewModel.swift */ = {isa = PBXFileReference; lastKnownFileType = sourcecode.swift; path = CategoryViewModel.swift; sourceTree = "<group>"; };
/* End PBXFileReference section */

/* Begin PBXFrameworksBuildPhase section */
		8BC4FCB02A0B986B00C7F4B1 /* Frameworks */ = {
			isa = PBXFrameworksBuildPhase;
			buildActionMask = 2147483647;
			files = (
				8BD7A84E2A0C249B009C0A97 /* Kingfisher in Frameworks */,
				8BD7A8422A0BC781009C0A97 /* SnapKit in Frameworks */,
				8BD7A8452A0BEEFA009C0A97 /* Alamofire in Frameworks */,
			);
			runOnlyForDeploymentPostprocessing = 0;
		};
/* End PBXFrameworksBuildPhase section */

/* Begin PBXGroup section */
		8BC4FCAA2A0B986B00C7F4B1 = {
			isa = PBXGroup;
			children = (
				8BC4FCB52A0B986B00C7F4B1 /* Deezer_Project */,
				8BC4FCB42A0B986B00C7F4B1 /* Products */,
			);
			sourceTree = "<group>";
		};
		8BC4FCB42A0B986B00C7F4B1 /* Products */ = {
			isa = PBXGroup;
			children = (
				8BC4FCB32A0B986B00C7F4B1 /* Deezer_Project.app */,
			);
			name = Products;
			sourceTree = "<group>";
		};
		8BC4FCB52A0B986B00C7F4B1 /* Deezer_Project */ = {
			isa = PBXGroup;
			children = (
				8BD7A83B2A0BC3D2009C0A97 /* Helpers */,
				8BD7A83A2A0BC3C7009C0A97 /* ViewModel */,
				8BD7A8392A0BC3C0009C0A97 /* Service */,
				8BD7A8382A0BC3B9009C0A97 /* Model */,
				8BD7A8372A0BC3B1009C0A97 /* View */,
				8BD7A8322A0BB35C009C0A97 /* Controller */,
				8BD7A8312A0BB337009C0A97 /* Base */,
				8BC4FCC72A0B986C00C7F4B1 /* Info.plist */,
			);
			path = Deezer_Project;
			sourceTree = "<group>";
		};
		8BD7A8312A0BB337009C0A97 /* Base */ = {
			isa = PBXGroup;
			children = (
				8BC4FCB82A0B986B00C7F4B1 /* SceneDelegate.swift */,
				8BC4FCB62A0B986B00C7F4B1 /* AppDelegate.swift */,
				8BC4FCC22A0B986C00C7F4B1 /* Assets.xcassets */,
				8BC4FCC42A0B986C00C7F4B1 /* LaunchScreen.storyboard */,
				8BC4FCBF2A0B986B00C7F4B1 /* Deezer_Project.xcdatamodeld */,
			);
			path = Base;
			sourceTree = "<group>";
		};
		8BD7A8322A0BB35C009C0A97 /* Controller */ = {
			isa = PBXGroup;
			children = (
				8BD7A82F2A0BB29D009C0A97 /* MainTabBarController.swift */,
				8BD7A8332A0BB381009C0A97 /* MainViewController.swift */,
				8BD7A8352A0BB395009C0A97 /* FavoriteViewController.swift */,
			);
			path = Controller;
			sourceTree = "<group>";
		};
		8BD7A8372A0BC3B1009C0A97 /* View */ = {
			isa = PBXGroup;
			children = (
				8BD7A83C2A0BC42E009C0A97 /* MainCollectionViewCell.swift */,
			);
			path = View;
			sourceTree = "<group>";
		};
		8BD7A8382A0BC3B9009C0A97 /* Model */ = {
			isa = PBXGroup;
			children = (
				8BD7A8462A0BF0F6009C0A97 /* Category.swift */,
			);
			path = Model;
			sourceTree = "<group>";
		};
		8BD7A8392A0BC3C0009C0A97 /* Service */ = {
			isa = PBXGroup;
			children = (
				8BD7A8482A0BF33F009C0A97 /* CategoryService.swift */,
			);
			path = Service;
			sourceTree = "<group>";
		};
		8BD7A83A2A0BC3C7009C0A97 /* ViewModel */ = {
			isa = PBXGroup;
			children = (
				8BD7A84A2A0C1A4C009C0A97 /* CategoryViewModel.swift */,
			);
			path = ViewModel;
			sourceTree = "<group>";
		};
		8BD7A83B2A0BC3D2009C0A97 /* Helpers */ = {
			isa = PBXGroup;
			children = (
				8BD7A83E2A0BC514009C0A97 /* Extension.swift */,
			);
			path = Helpers;
			sourceTree = "<group>";
		};
/* End PBXGroup section */

/* Begin PBXNativeTarget section */
		8BC4FCB22A0B986B00C7F4B1 /* Deezer_Project */ = {
			isa = PBXNativeTarget;
			buildConfigurationList = 8BC4FCCA2A0B986C00C7F4B1 /* Build configuration list for PBXNativeTarget "Deezer_Project" */;
			buildPhases = (
				8BC4FCAF2A0B986B00C7F4B1 /* Sources */,
				8BC4FCB02A0B986B00C7F4B1 /* Frameworks */,
				8BC4FCB12A0B986B00C7F4B1 /* Resources */,
			);
			buildRules = (
			);
			dependencies = (
			);
			name = Deezer_Project;
			packageProductDependencies = (
				8BD7A8412A0BC781009C0A97 /* SnapKit */,
				8BD7A8442A0BEEFA009C0A97 /* Alamofire */,
				8BD7A84D2A0C249B009C0A97 /* Kingfisher */,
			);
			productName = Deezer_Project;
			productReference = 8BC4FCB32A0B986B00C7F4B1 /* Deezer_Project.app */;
			productType = "com.apple.product-type.application";
		};
/* End PBXNativeTarget section */

/* Begin PBXProject section */
		8BC4FCAB2A0B986B00C7F4B1 /* Project object */ = {
			isa = PBXProject;
			attributes = {
				BuildIndependentTargetsInParallel = 1;
				LastSwiftUpdateCheck = 1430;
				LastUpgradeCheck = 1430;
				TargetAttributes = {
					8BC4FCB22A0B986B00C7F4B1 = {
						CreatedOnToolsVersion = 14.3;
					};
				};
			};
			buildConfigurationList = 8BC4FCAE2A0B986B00C7F4B1 /* Build configuration list for PBXProject "Deezer_Project" */;
			compatibilityVersion = "Xcode 14.0";
			developmentRegion = en;
			hasScannedForEncodings = 0;
			knownRegions = (
				en,
				Base,
			);
			mainGroup = 8BC4FCAA2A0B986B00C7F4B1;
			packageReferences = (
				8BD7A8402A0BC781009C0A97 /* XCRemoteSwiftPackageReference "SnapKit" */,
				8BD7A8432A0BEEFA009C0A97 /* XCRemoteSwiftPackageReference "Alamofire" */,
				8BD7A84C2A0C249B009C0A97 /* XCRemoteSwiftPackageReference "Kingfisher" */,
			);
			productRefGroup = 8BC4FCB42A0B986B00C7F4B1 /* Products */;
			projectDirPath = "";
			projectRoot = "";
			targets = (
				8BC4FCB22A0B986B00C7F4B1 /* Deezer_Project */,
			);
		};
/* End PBXProject section */

/* Begin PBXResourcesBuildPhase section */
		8BC4FCB12A0B986B00C7F4B1 /* Resources */ = {
			isa = PBXResourcesBuildPhase;
			buildActionMask = 2147483647;
			files = (
				8BC4FCC62A0B986C00C7F4B1 /* LaunchScreen.storyboard in Resources */,
				8BC4FCC32A0B986C00C7F4B1 /* Assets.xcassets in Resources */,
			);
			runOnlyForDeploymentPostprocessing = 0;
		};
/* End PBXResourcesBuildPhase section */

/* Begin PBXSourcesBuildPhase section */
		8BC4FCAF2A0B986B00C7F4B1 /* Sources */ = {
			isa = PBXSourcesBuildPhase;
			buildActionMask = 2147483647;
			files = (
				8BD7A83D2A0BC42E009C0A97 /* MainCollectionViewCell.swift in Sources */,
				8BC4FCC12A0B986B00C7F4B1 /* Deezer_Project.xcdatamodeld in Sources */,
				8BC4FCB72A0B986B00C7F4B1 /* AppDelegate.swift in Sources */,
				8BD7A84B2A0C1A4C009C0A97 /* CategoryViewModel.swift in Sources */,
				8BD7A8302A0BB29D009C0A97 /* MainTabBarController.swift in Sources */,
				8BC4FCB92A0B986B00C7F4B1 /* SceneDelegate.swift in Sources */,
				8BD7A8472A0BF0F6009C0A97 /* Category.swift in Sources */,
				8BD7A8362A0BB395009C0A97 /* FavoriteViewController.swift in Sources */,
				8BD7A8342A0BB381009C0A97 /* MainViewController.swift in Sources */,
				8BD7A83F2A0BC514009C0A97 /* Extension.swift in Sources */,
				8BD7A8492A0BF33F009C0A97 /* CategoryService.swift in Sources */,
			);
			runOnlyForDeploymentPostprocessing = 0;
		};
/* End PBXSourcesBuildPhase section */

/* Begin PBXVariantGroup section */
		8BC4FCC42A0B986C00C7F4B1 /* LaunchScreen.storyboard */ = {
			isa = PBXVariantGroup;
			children = (
				8BC4FCC52A0B986C00C7F4B1 /* Base */,
			);
			name = LaunchScreen.storyboard;
			sourceTree = "<group>";
		};
/* End PBXVariantGroup section */

/* Begin XCBuildConfiguration section */
		8BC4FCC82A0B986C00C7F4B1 /* Debug */ = {
			isa = XCBuildConfiguration;
			buildSettings = {
				ALWAYS_SEARCH_USER_PATHS = NO;
				CLANG_ANALYZER_NONNULL = YES;
				CLANG_ANALYZER_NUMBER_OBJECT_CONVERSION = YES_AGGRESSIVE;
				CLANG_CXX_LANGUAGE_STANDARD = "gnu++20";
				CLANG_ENABLE_MODULES = YES;
				CLANG_ENABLE_OBJC_ARC = YES;
				CLANG_ENABLE_OBJC_WEAK = YES;
				CLANG_WARN_BLOCK_CAPTURE_AUTORELEASING = YES;
				CLANG_WARN_BOOL_CONVERSION = YES;
				CLANG_WARN_COMMA = YES;
				CLANG_WARN_CONSTANT_CONVERSION = YES;
				CLANG_WARN_DEPRECATED_OBJC_IMPLEMENTATIONS = YES;
				CLANG_WARN_DIRECT_OBJC_ISA_USAGE = YES_ERROR;
				CLANG_WARN_DOCUMENTATION_COMMENTS = YES;
				CLANG_WARN_EMPTY_BODY = YES;
				CLANG_WARN_ENUM_CONVERSION = YES;
				CLANG_WARN_INFINITE_RECURSION = YES;
				CLANG_WARN_INT_CONVERSION = YES;
				CLANG_WARN_NON_LITERAL_NULL_CONVERSION = YES;
				CLANG_WARN_OBJC_IMPLICIT_RETAIN_SELF = YES;
				CLANG_WARN_OBJC_LITERAL_CONVERSION = YES;
				CLANG_WARN_OBJC_ROOT_CLASS = YES_ERROR;
				CLANG_WARN_QUOTED_INCLUDE_IN_FRAMEWORK_HEADER = YES;
				CLANG_WARN_RANGE_LOOP_ANALYSIS = YES;
				CLANG_WARN_STRICT_PROTOTYPES = YES;
				CLANG_WARN_SUSPICIOUS_MOVE = YES;
				CLANG_WARN_UNGUARDED_AVAILABILITY = YES_AGGRESSIVE;
				CLANG_WARN_UNREACHABLE_CODE = YES;
				CLANG_WARN__DUPLICATE_METHOD_MATCH = YES;
				COPY_PHASE_STRIP = NO;
				DEBUG_INFORMATION_FORMAT = dwarf;
				ENABLE_STRICT_OBJC_MSGSEND = YES;
				ENABLE_TESTABILITY = YES;
				GCC_C_LANGUAGE_STANDARD = gnu11;
				GCC_DYNAMIC_NO_PIC = NO;
				GCC_NO_COMMON_BLOCKS = YES;
				GCC_OPTIMIZATION_LEVEL = 0;
				GCC_PREPROCESSOR_DEFINITIONS = (
					"DEBUG=1",
					"$(inherited)",
				);
				GCC_WARN_64_TO_32_BIT_CONVERSION = YES;
				GCC_WARN_ABOUT_RETURN_TYPE = YES_ERROR;
				GCC_WARN_UNDECLARED_SELECTOR = YES;
				GCC_WARN_UNINITIALIZED_AUTOS = YES_AGGRESSIVE;
				GCC_WARN_UNUSED_FUNCTION = YES;
				GCC_WARN_UNUSED_VARIABLE = YES;
				IPHONEOS_DEPLOYMENT_TARGET = 16.4;
				MTL_ENABLE_DEBUG_INFO = INCLUDE_SOURCE;
				MTL_FAST_MATH = YES;
				ONLY_ACTIVE_ARCH = YES;
				SDKROOT = iphoneos;
				SWIFT_ACTIVE_COMPILATION_CONDITIONS = DEBUG;
				SWIFT_OPTIMIZATION_LEVEL = "-Onone";
			};
			name = Debug;
		};
		8BC4FCC92A0B986C00C7F4B1 /* Release */ = {
			isa = XCBuildConfiguration;
			buildSettings = {
				ALWAYS_SEARCH_USER_PATHS = NO;
				CLANG_ANALYZER_NONNULL = YES;
				CLANG_ANALYZER_NUMBER_OBJECT_CONVERSION = YES_AGGRESSIVE;
				CLANG_CXX_LANGUAGE_STANDARD = "gnu++20";
				CLANG_ENABLE_MODULES = YES;
				CLANG_ENABLE_OBJC_ARC = YES;
				CLANG_ENABLE_OBJC_WEAK = YES;
				CLANG_WARN_BLOCK_CAPTURE_AUTORELEASING = YES;
				CLANG_WARN_BOOL_CONVERSION = YES;
				CLANG_WARN_COMMA = YES;
				CLANG_WARN_CONSTANT_CONVERSION = YES;
				CLANG_WARN_DEPRECATED_OBJC_IMPLEMENTATIONS = YES;
				CLANG_WARN_DIRECT_OBJC_ISA_USAGE = YES_ERROR;
				CLANG_WARN_DOCUMENTATION_COMMENTS = YES;
				CLANG_WARN_EMPTY_BODY = YES;
				CLANG_WARN_ENUM_CONVERSION = YES;
				CLANG_WARN_INFINITE_RECURSION = YES;
				CLANG_WARN_INT_CONVERSION = YES;
				CLANG_WARN_NON_LITERAL_NULL_CONVERSION = YES;
				CLANG_WARN_OBJC_IMPLICIT_RETAIN_SELF = YES;
				CLANG_WARN_OBJC_LITERAL_CONVERSION = YES;
				CLANG_WARN_OBJC_ROOT_CLASS = YES_ERROR;
				CLANG_WARN_QUOTED_INCLUDE_IN_FRAMEWORK_HEADER = YES;
				CLANG_WARN_RANGE_LOOP_ANALYSIS = YES;
				CLANG_WARN_STRICT_PROTOTYPES = YES;
				CLANG_WARN_SUSPICIOUS_MOVE = YES;
				CLANG_WARN_UNGUARDED_AVAILABILITY = YES_AGGRESSIVE;
				CLANG_WARN_UNREACHABLE_CODE = YES;
				CLANG_WARN__DUPLICATE_METHOD_MATCH = YES;
				COPY_PHASE_STRIP = NO;
				DEBUG_INFORMATION_FORMAT = "dwarf-with-dsym";
				ENABLE_NS_ASSERTIONS = NO;
				ENABLE_STRICT_OBJC_MSGSEND = YES;
				GCC_C_LANGUAGE_STANDARD = gnu11;
				GCC_NO_COMMON_BLOCKS = YES;
				GCC_WARN_64_TO_32_BIT_CONVERSION = YES;
				GCC_WARN_ABOUT_RETURN_TYPE = YES_ERROR;
				GCC_WARN_UNDECLARED_SELECTOR = YES;
				GCC_WARN_UNINITIALIZED_AUTOS = YES_AGGRESSIVE;
				GCC_WARN_UNUSED_FUNCTION = YES;
				GCC_WARN_UNUSED_VARIABLE = YES;
				IPHONEOS_DEPLOYMENT_TARGET = 16.4;
				MTL_ENABLE_DEBUG_INFO = NO;
				MTL_FAST_MATH = YES;
				SDKROOT = iphoneos;
				SWIFT_COMPILATION_MODE = wholemodule;
				SWIFT_OPTIMIZATION_LEVEL = "-O";
				VALIDATE_PRODUCT = YES;
			};
			name = Release;
		};
		8BC4FCCB2A0B986C00C7F4B1 /* Debug */ = {
			isa = XCBuildConfiguration;
			buildSettings = {
				ASSETCATALOG_COMPILER_APPICON_NAME = AppIcon;
				ASSETCATALOG_COMPILER_GLOBAL_ACCENT_COLOR_NAME = AccentColor;
				CODE_SIGN_STYLE = Automatic;
				CURRENT_PROJECT_VERSION = 1;
				DEVELOPMENT_TEAM = G72V592BC6;
				GENERATE_INFOPLIST_FILE = YES;
				INFOPLIST_FILE = Deezer_Project/Info.plist;
				INFOPLIST_KEY_UIApplicationSupportsIndirectInputEvents = YES;
				INFOPLIST_KEY_UILaunchStoryboardName = LaunchScreen;
				INFOPLIST_KEY_UISupportedInterfaceOrientations_iPad = "UIInterfaceOrientationPortrait UIInterfaceOrientationPortraitUpsideDown UIInterfaceOrientationLandscapeLeft UIInterfaceOrientationLandscapeRight";
				INFOPLIST_KEY_UISupportedInterfaceOrientations_iPhone = "UIInterfaceOrientationPortrait UIInterfaceOrientationLandscapeLeft UIInterfaceOrientationLandscapeRight";
				LD_RUNPATH_SEARCH_PATHS = (
					"$(inherited)",
					"@executable_path/Frameworks",
				);
				MARKETING_VERSION = 1.0;
				PRODUCT_BUNDLE_IDENTIFIER = "com.mertaltay.Deezer-Project";
				PRODUCT_NAME = "$(TARGET_NAME)";
				SWIFT_EMIT_LOC_STRINGS = YES;
				SWIFT_VERSION = 5.0;
				TARGETED_DEVICE_FAMILY = "1,2";
			};
			name = Debug;
		};
		8BC4FCCC2A0B986C00C7F4B1 /* Release */ = {
			isa = XCBuildConfiguration;
			buildSettings = {
				ASSETCATALOG_COMPILER_APPICON_NAME = AppIcon;
				ASSETCATALOG_COMPILER_GLOBAL_ACCENT_COLOR_NAME = AccentColor;
				CODE_SIGN_STYLE = Automatic;
				CURRENT_PROJECT_VERSION = 1;
				DEVELOPMENT_TEAM = G72V592BC6;
				GENERATE_INFOPLIST_FILE = YES;
				INFOPLIST_FILE = Deezer_Project/Info.plist;
				INFOPLIST_KEY_UIApplicationSupportsIndirectInputEvents = YES;
				INFOPLIST_KEY_UILaunchStoryboardName = LaunchScreen;
				INFOPLIST_KEY_UISupportedInterfaceOrientations_iPad = "UIInterfaceOrientationPortrait UIInterfaceOrientationPortraitUpsideDown UIInterfaceOrientationLandscapeLeft UIInterfaceOrientationLandscapeRight";
				INFOPLIST_KEY_UISupportedInterfaceOrientations_iPhone = "UIInterfaceOrientationPortrait UIInterfaceOrientationLandscapeLeft UIInterfaceOrientationLandscapeRight";
				LD_RUNPATH_SEARCH_PATHS = (
					"$(inherited)",
					"@executable_path/Frameworks",
				);
				MARKETING_VERSION = 1.0;
				PRODUCT_BUNDLE_IDENTIFIER = "com.mertaltay.Deezer-Project";
				PRODUCT_NAME = "$(TARGET_NAME)";
				SWIFT_EMIT_LOC_STRINGS = YES;
				SWIFT_VERSION = 5.0;
				TARGETED_DEVICE_FAMILY = "1,2";
			};
			name = Release;
		};
/* End XCBuildConfiguration section */

/* Begin XCConfigurationList section */
		8BC4FCAE2A0B986B00C7F4B1 /* Build configuration list for PBXProject "Deezer_Project" */ = {
			isa = XCConfigurationList;
			buildConfigurations = (
				8BC4FCC82A0B986C00C7F4B1 /* Debug */,
				8BC4FCC92A0B986C00C7F4B1 /* Release */,
			);
			defaultConfigurationIsVisible = 0;
			defaultConfigurationName = Release;
		};
		8BC4FCCA2A0B986C00C7F4B1 /* Build configuration list for PBXNativeTarget "Deezer_Project" */ = {
			isa = XCConfigurationList;
			buildConfigurations = (
				8BC4FCCB2A0B986C00C7F4B1 /* Debug */,
				8BC4FCCC2A0B986C00C7F4B1 /* Release */,
			);
			defaultConfigurationIsVisible = 0;
			defaultConfigurationName = Release;
		};
/* End XCConfigurationList section */

/* Begin XCRemoteSwiftPackageReference section */
		8BD7A8402A0BC781009C0A97 /* XCRemoteSwiftPackageReference "SnapKit" */ = {
			isa = XCRemoteSwiftPackageReference;
			repositoryURL = "https://github.com/SnapKit/SnapKit.git";
			requirement = {
				kind = upToNextMajorVersion;
				minimumVersion = 5.0.0;
			};
		};
		8BD7A8432A0BEEFA009C0A97 /* XCRemoteSwiftPackageReference "Alamofire" */ = {
			isa = XCRemoteSwiftPackageReference;
			repositoryURL = "https://github.com/Alamofire/Alamofire";
			requirement = {
				kind = upToNextMajorVersion;
				minimumVersion = 5.0.0;
			};
		};
		8BD7A84C2A0C249B009C0A97 /* XCRemoteSwiftPackageReference "Kingfisher" */ = {
			isa = XCRemoteSwiftPackageReference;
			repositoryURL = "https://github.com/onevcat/Kingfisher";
			requirement = {
				kind = upToNextMajorVersion;
				minimumVersion = 7.0.0;
			};
		};
/* End XCRemoteSwiftPackageReference section */

/* Begin XCSwiftPackageProductDependency section */
		8BD7A8412A0BC781009C0A97 /* SnapKit */ = {
			isa = XCSwiftPackageProductDependency;
			package = 8BD7A8402A0BC781009C0A97 /* XCRemoteSwiftPackageReference "SnapKit" */;
			productName = SnapKit;
		};
		8BD7A8442A0BEEFA009C0A97 /* Alamofire */ = {
			isa = XCSwiftPackageProductDependency;
			package = 8BD7A8432A0BEEFA009C0A97 /* XCRemoteSwiftPackageReference "Alamofire" */;
			productName = Alamofire;
		};
		8BD7A84D2A0C249B009C0A97 /* Kingfisher */ = {
			isa = XCSwiftPackageProductDependency;
			package = 8BD7A84C2A0C249B009C0A97 /* XCRemoteSwiftPackageReference "Kingfisher" */;
			productName = Kingfisher;
		};
/* End XCSwiftPackageProductDependency section */

/* Begin XCVersionGroup section */
		8BC4FCBF2A0B986B00C7F4B1 /* Deezer_Project.xcdatamodeld */ = {
			isa = XCVersionGroup;
			children = (
				8BC4FCC02A0B986B00C7F4B1 /* Deezer_Project.xcdatamodel */,
			);
			currentVersion = 8BC4FCC02A0B986B00C7F4B1 /* Deezer_Project.xcdatamodel */;
			path = Deezer_Project.xcdatamodeld;
			sourceTree = "<group>";
			versionGroupType = wrapper.xcdatamodel;
		};
/* End XCVersionGroup section */
	};
	rootObject = 8BC4FCAB2A0B986B00C7F4B1 /* Project object */;
}
